
Microsoft Visual Studio Solution File, Format Version 12.00
# Visual Studio Version 16
VisualStudioVersion = 16.0.30413.136
MinimumVisualStudioVersion = 10.0.40219.1
Project("{FAE04EC0-301F-11D3-BF4B-00C04F79EFBC}") = "Lesson2_form", "Lesson2_form\Lesson2_form.csproj", "{91AD4B23-D90F-4EFE-93F1-915276D5F764}"
EndProject
Global
	GlobalSection(SolutionConfigurationPlatforms) = preSolution
		Debug|Any CPU = Debug|Any CPU
		Release|Any CPU = Release|Any CPU
	EndGlobalSection
	GlobalSection(ProjectConfigurationPlatforms) = postSolution
		{91AD4B23-D90F-4EFE-93F1-915276D5F764}.Debug|Any CPU.ActiveCfg = Debug|Any CPU
		{91AD4B23-D90F-4EFE-93F1-915276D5F764}.Debug|Any CPU.Build.0 = Debug|Any CPU
		{91AD4B23-D90F-4EFE-93F1-915276D5F764}.Release|Any CPU.ActiveCfg = Release|Any CPU
		{91AD4B23-D90F-4EFE-93F1-915276D5F764}.Release|Any CPU.Build.0 = Release|Any CPU
	EndGlobalSection
	GlobalSection(SolutionProperties) = preSolution
		HideSolutionNode = FALSE
	EndGlobalSection
	GlobalSection(ExtensibilityGlobals) = postSolution
		SolutionGuid = {0C3FA20C-9DF1-42CC-870C-9E2DF09F5689}
	EndGlobalSection
EndGlobal
